PODS:
  - EasyIOS (HEAD based on 2.0):
    - EasyIOS/Easy
  - EasyIOS/Easy (HEAD based on 2.0):
    - ReactiveCocoa
  - ReactiveCocoa (2.3.1):
    - ReactiveCocoa/UI
  - ReactiveCocoa/Core (2.3.1):
    - ReactiveCocoa/no-arc
  - ReactiveCocoa/no-arc (2.3.1)
  - ReactiveCocoa/UI (2.3.1):
    - ReactiveCocoa/Core

DEPENDENCIES:
  - EasyIOS (HEAD)

SPEC CHECKSUMS:
  EasyIOS: 31d4643af90147fef9341ea63e720cf3ff80af66
  ReactiveCocoa: dca75777b9d18990c8714a3a6f2149f29b4d1462

COCOAPODS: 0.33.1
